
Microsoft Visual Studio Solution File, Format Version 12.00
# Visual Studio 15
VisualStudioVersion = 15.0.28010.2003
MinimumVisualStudioVersion = 10.0.40219.1
Project("{FAE04EC0-301F-11D3-BF4B-00C04F79EFBC}") = "AsyncExperiments.TapAndEapSamples", "AsyncExperiments.Threaded\AsyncExperiments.TapAndEapSamples.csproj", "{C925B688-FFEA-429F-B929-7AC7F58D6E60}"
EndProject
Global
	GlobalSection(SolutionConfigurationPlatforms) = preSolution
		Debug|Any CPU = Debug|Any CPU
		Release|Any CPU = Release|Any CPU
	EndGlobalSection
	GlobalSection(ProjectConfigurationPlatforms) = postSolution
		{C925B688-FFEA-429F-B929-7AC7F58D6E60}.Debug|Any CPU.ActiveCfg = Debug|Any CPU
		{C925B688-FFEA-429F-B929-7AC7F58D6E60}.Debug|Any CPU.Build.0 = Debug|Any CPU
		{C925B688-FFEA-429F-B929-7AC7F58D6E60}.Release|Any CPU.ActiveCfg = Release|Any CPU
		{C925B688-FFEA-429F-B929-7AC7F58D6E60}.Release|Any CPU.Build.0 = Release|Any CPU
	EndGlobalSection
	GlobalSection(SolutionProperties) = preSolution
		HideSolutionNode = FALSE
	EndGlobalSection
	GlobalSection(ExtensibilityGlobals) = postSolution
		SolutionGuid = {731C4B56-DBDF-44DB-A1E2-9E8F784EB221}
	EndGlobalSection
EndGlobal
